
Microsoft Visual Studio Solution File, Format Version 12.00
# Visual Studio 15
VisualStudioVersion = 15.0.27703.2000
MinimumVisualStudioVersion = 10.0.40219.1
Project("{FAE04EC0-301F-11D3-BF4B-00C04F79EFBC}") = "Baza_danych", "Baza_danych\Baza_danych.csproj", "{D37A4550-ED7B-4853-9F56-1E8068347B4B}"
EndProject
Project("{FAE04EC0-301F-11D3-BF4B-00C04F79EFBC}") = "DataBase_GUI", "DataBase_GUI\DataBase_GUI.csproj", "{4163AB9E-21FB-4D42-8840-FB710ECB5225}"
EndProject
Global
	GlobalSection(SolutionConfigurationPlatforms) = preSolution
		Debug|Any CPU = Debug|Any CPU
		Release|Any CPU = Release|Any CPU
	EndGlobalSection
	GlobalSection(ProjectConfigurationPlatforms) = postSolution
		{D37A4550-ED7B-4853-9F56-1E8068347B4B}.Debug|Any CPU.ActiveCfg = Debug|Any CPU
		{D37A4550-ED7B-4853-9F56-1E8068347B4B}.Debug|Any CPU.Build.0 = Debug|Any CPU
		{D37A4550-ED7B-4853-9F56-1E8068347B4B}.Release|Any CPU.ActiveCfg = Release|Any CPU
		{D37A4550-ED7B-4853-9F56-1E8068347B4B}.Release|Any CPU.Build.0 = Release|Any CPU
		{4163AB9E-21FB-4D42-8840-FB710ECB5225}.Debug|Any CPU.ActiveCfg = Debug|Any CPU
		{4163AB9E-21FB-4D42-8840-FB710ECB5225}.Debug|Any CPU.Build.0 = Debug|Any CPU
		{4163AB9E-21FB-4D42-8840-FB710ECB5225}.Release|Any CPU.ActiveCfg = Release|Any CPU
		{4163AB9E-21FB-4D42-8840-FB710ECB5225}.Release|Any CPU.Build.0 = Release|Any CPU
	EndGlobalSection
	GlobalSection(SolutionProperties) = preSolution
		HideSolutionNode = FALSE
	EndGlobalSection
	GlobalSection(ExtensibilityGlobals) = postSolution
		SolutionGuid = {96FBAF81-F826-48CC-82C3-5D242079D113}
	EndGlobalSection
EndGlobal
